
Microsoft Visual Studio Solution File, Format Version 12.00
# Visual Studio Version 17
VisualStudioVersion = 17.3.32922.545
MinimumVisualStudioVersion = 10.0.40219.1
Project("{9A19103F-16F7-4668-BE54-9A1E7A4F7556}") = "ChestGrantedController", "ChestGrantedController\ChestGrantedController.csproj", "{1F2C1BF7-8F28-40A8-A983-54A80D01E2BF}"
EndProject
Project("{9A19103F-16F7-4668-BE54-9A1E7A4F7556}") = "LCUSharp", "LCUSharp\LCUSharp.csproj", "{AD9659E1-7254-471A-97D5-4CDA04386276}"
EndProject
Project("{9A19103F-16F7-4668-BE54-9A1E7A4F7556}") = "ChestGrantedView", "ChestGrantedView\ChestGrantedView.csproj", "{D3777FB8-7748-4A15-9445-B3144E5A8166}"
EndProject
Project("{9A19103F-16F7-4668-BE54-9A1E7A4F7556}") = "ChestGrantedRepository", "ChestGrantedRepository\ChestGrantedRepository.csproj", "{60789E78-38AB-43C0-AB55-C7204E99FC71}"
EndProject
Project("{C7167F0D-BC9F-4E6E-AFE1-012C56B48DB5}") = "ChestGrantedPackage", "ChestGrantedPackage\ChestGrantedPackage.wapproj", "{B706F21B-F954-466F-AB76-DA6A031F8CBA}"
EndProject
Global
	GlobalSection(SolutionConfigurationPlatforms) = preSolution
		Debug|Any CPU = Debug|Any CPU
		Debug|ARM = Debug|ARM
		Debug|ARM64 = Debug|ARM64
		Debug|x64 = Debug|x64
		Debug|x86 = Debug|x86
		Release|Any CPU = Release|Any CPU
		Release|ARM = Release|ARM
		Release|ARM64 = Release|ARM64
		Release|x64 = Release|x64
		Release|x86 = Release|x86
	EndGlobalSection
	GlobalSection(ProjectConfigurationPlatforms) = postSolution
		{1F2C1BF7-8F28-40A8-A983-54A80D01E2BF}.Debug|Any CPU.ActiveCfg = Debug|Any CPU
		{1F2C1BF7-8F28-40A8-A983-54A80D01E2BF}.Debug|Any CPU.Build.0 = Debug|Any CPU
		{1F2C1BF7-8F28-40A8-A983-54A80D01E2BF}.Debug|ARM.ActiveCfg = Debug|Any CPU
		{1F2C1BF7-8F28-40A8-A983-54A80D01E2BF}.Debug|ARM.Build.0 = Debug|Any CPU
		{1F2C1BF7-8F28-40A8-A983-54A80D01E2BF}.Debug|ARM64.ActiveCfg = Debug|Any CPU
		{1F2C1BF7-8F28-40A8-A983-54A80D01E2BF}.Debug|ARM64.Build.0 = Debug|Any CPU
		{1F2C1BF7-8F28-40A8-A983-54A80D01E2BF}.Debug|x64.ActiveCfg = Debug|Any CPU
		{1F2C1BF7-8F28-40A8-A983-54A80D01E2BF}.Debug|x64.Build.0 = Debug|Any CPU
		{1F2C1BF7-8F28-40A8-A983-54A80D01E2BF}.Debug|x86.ActiveCfg = Debug|Any CPU
		{1F2C1BF7-8F28-40A8-A983-54A80D01E2BF}.Debug|x86.Build.0 = Debug|Any CPU
		{1F2C1BF7-8F28-40A8-A983-54A80D01E2BF}.Release|Any CPU.ActiveCfg = Release|Any CPU
		{1F2C1BF7-8F28-40A8-A983-54A80D01E2BF}.Release|Any CPU.Build.0 = Release|Any CPU
		{1F2C1BF7-8F28-40A8-A983-54A80D01E2BF}.Release|ARM.ActiveCfg = Release|Any CPU
		{1F2C1BF7-8F28-40A8-A983-54A80D01E2BF}.Release|ARM.Build.0 = Release|Any CPU
		{1F2C1BF7-8F28-40A8-A983-54A80D01E2BF}.Release|ARM64.ActiveCfg = Release|Any CPU
		{1F2C1BF7-8F28-40A8-A983-54A80D01E2BF}.Release|ARM64.Build.0 = Release|Any CPU
		{1F2C1BF7-8F28-40A8-A983-54A80D01E2BF}.Release|x64.ActiveCfg = Release|Any CPU
		{1F2C1BF7-8F28-40A8-A983-54A80D01E2BF}.Release|x64.Build.0 = Release|Any CPU
		{1F2C1BF7-8F28-40A8-A983-54A80D01E2BF}.Release|x86.ActiveCfg = Release|Any CPU
		{1F2C1BF7-8F28-40A8-A983-54A80D01E2BF}.Release|x86.Build.0 = Release|Any CPU
		{AD9659E1-7254-471A-97D5-4CDA04386276}.Debug|Any CPU.ActiveCfg = Debug|Any CPU
		{AD9659E1-7254-471A-97D5-4CDA04386276}.Debug|Any CPU.Build.0 = Debug|Any CPU
		{AD9659E1-7254-471A-97D5-4CDA04386276}.Debug|ARM.ActiveCfg = Debug|Any CPU
		{AD9659E1-7254-471A-97D5-4CDA04386276}.Debug|ARM.Build.0 = Debug|Any CPU
		{AD9659E1-7254-471A-97D5-4CDA04386276}.Debug|ARM64.ActiveCfg = Debug|Any CPU
		{AD9659E1-7254-471A-97D5-4CDA04386276}.Debug|ARM64.Build.0 = Debug|Any CPU
		{AD9659E1-7254-471A-97D5-4CDA04386276}.Debug|x64.ActiveCfg = Debug|Any CPU
		{AD9659E1-7254-471A-97D5-4CDA04386276}.Debug|x64.Build.0 = Debug|Any CPU
		{AD9659E1-7254-471A-97D5-4CDA04386276}.Debug|x86.ActiveCfg = Debug|Any CPU
		{AD9659E1-7254-471A-97D5-4CDA04386276}.Debug|x86.Build.0 = Debug|Any CPU
		{AD9659E1-7254-471A-97D5-4CDA04386276}.Release|Any CPU.ActiveCfg = Release|Any CPU
		{AD9659E1-7254-471A-97D5-4CDA04386276}.Release|Any CPU.Build.0 = Release|Any CPU
		{AD9659E1-7254-471A-97D5-4CDA04386276}.Release|ARM.ActiveCfg = Release|Any CPU
		{AD9659E1-7254-471A-97D5-4CDA04386276}.Release|ARM.Build.0 = Release|Any CPU
		{AD9659E1-7254-471A-97D5-4CDA04386276}.Release|ARM64.ActiveCfg = Release|Any CPU
		{AD9659E1-7254-471A-97D5-4CDA04386276}.Release|ARM64.Build.0 = Release|Any CPU
		{AD9659E1-7254-471A-97D5-4CDA04386276}.Release|x64.ActiveCfg = Release|Any CPU
		{AD9659E1-7254-471A-97D5-4CDA04386276}.Release|x64.Build.0 = Release|Any CPU
		{AD9659E1-7254-471A-97D5-4CDA04386276}.Release|x86.ActiveCfg = Release|Any CPU
		{AD9659E1-7254-471A-97D5-4CDA04386276}.Release|x86.Build.0 = Release|Any CPU
		{D3777FB8-7748-4A15-9445-B3144E5A8166}.Debug|Any CPU.ActiveCfg = Debug|Any CPU
		{D3777FB8-7748-4A15-9445-B3144E5A8166}.Debug|Any CPU.Build.0 = Debug|Any CPU
		{D3777FB8-7748-4A15-9445-B3144E5A8166}.Debug|ARM.ActiveCfg = Debug|Any CPU
		{D3777FB8-7748-4A15-9445-B3144E5A8166}.Debug|ARM.Build.0 = Debug|Any CPU
		{D3777FB8-7748-4A15-9445-B3144E5A8166}.Debug|ARM64.ActiveCfg = Debug|Any CPU
		{D3777FB8-7748-4A15-9445-B3144E5A8166}.Debug|ARM64.Build.0 = Debug|Any CPU
		{D3777FB8-7748-4A15-9445-B3144E5A8166}.Debug|x64.ActiveCfg = Debug|Any CPU
		{D3777FB8-7748-4A15-9445-B3144E5A8166}.Debug|x64.Build.0 = Debug|Any CPU
		{D3777FB8-7748-4A15-9445-B3144E5A8166}.Debug|x86.ActiveCfg = Debug|Any CPU
		{D3777FB8-7748-4A15-9445-B3144E5A8166}.Debug|x86.Build.0 = Debug|Any CPU
		{D3777FB8-7748-4A15-9445-B3144E5A8166}.Release|Any CPU.ActiveCfg = Release|Any CPU
		{D3777FB8-7748-4A15-9445-B3144E5A8166}.Release|Any CPU.Build.0 = Release|Any CPU
		{D3777FB8-7748-4A15-9445-B3144E5A8166}.Release|ARM.ActiveCfg = Release|Any CPU
		{D3777FB8-7748-4A15-9445-B3144E5A8166}.Release|ARM.Build.0 = Release|Any CPU
		{D3777FB8-7748-4A15-9445-B3144E5A8166}.Release|ARM64.ActiveCfg = Release|Any CPU
		{D3777FB8-7748-4A15-9445-B3144E5A8166}.Release|ARM64.Build.0 = Release|Any CPU
		{D3777FB8-7748-4A15-9445-B3144E5A8166}.Release|x64.ActiveCfg = Release|Any CPU
		{D3777FB8-7748-4A15-9445-B3144E5A8166}.Release|x64.Build.0 = Release|Any CPU
		{D3777FB8-7748-4A15-9445-B3144E5A8166}.Release|x86.ActiveCfg = Release|Any CPU
		{D3777FB8-7748-4A15-9445-B3144E5A8166}.Release|x86.Build.0 = Release|Any CPU
		{60789E78-38AB-43C0-AB55-C7204E99FC71}.Debug|Any CPU.ActiveCfg = Debug|Any CPU
		{60789E78-38AB-43C0-AB55-C7204E99FC71}.Debug|Any CPU.Build.0 = Debug|Any CPU
		{60789E78-38AB-43C0-AB55-C7204E99FC71}.Debug|ARM.ActiveCfg = Debug|Any CPU
		{60789E78-38AB-43C0-AB55-C7204E99FC71}.Debug|ARM.Build.0 = Debug|Any CPU
		{60789E78-38AB-43C0-AB55-C7204E99FC71}.Debug|ARM64.ActiveCfg = Debug|Any CPU
		{60789E78-38AB-43C0-AB55-C7204E99FC71}.Debug|ARM64.Build.0 = Debug|Any CPU
		{60789E78-38AB-43C0-AB55-C7204E99FC71}.Debug|x64.ActiveCfg = Debug|Any CPU
		{60789E78-38AB-43C0-AB55-C7204E99FC71}.Debug|x64.Build.0 = Debug|Any CPU
		{60789E78-38AB-43C0-AB55-C7204E99FC71}.Debug|x86.ActiveCfg = Debug|Any CPU
		{60789E78-38AB-43C0-AB55-C7204E99FC71}.Debug|x86.Build.0 = Debug|Any CPU
		{60789E78-38AB-43C0-AB55-C7204E99FC71}.Release|Any CPU.ActiveCfg = Release|Any CPU
		{60789E78-38AB-43C0-AB55-C7204E99FC71}.Release|Any CPU.Build.0 = Release|Any CPU
		{60789E78-38AB-43C0-AB55-C7204E99FC71}.Release|ARM.ActiveCfg = Release|Any CPU
		{60789E78-38AB-43C0-AB55-C7204E99FC71}.Release|ARM.Build.0 = Release|Any CPU
		{60789E78-38AB-43C0-AB55-C7204E99FC71}.Release|ARM64.ActiveCfg = Release|Any CPU
		{60789E78-38AB-43C0-AB55-C7204E99FC71}.Release|ARM64.Build.0 = Release|Any CPU
		{60789E78-38AB-43C0-AB55-C7204E99FC71}.Release|x64.ActiveCfg = Release|Any CPU
		{60789E78-38AB-43C0-AB55-C7204E99FC71}.Release|x64.Build.0 = Release|Any CPU
		{60789E78-38AB-43C0-AB55-C7204E99FC71}.Release|x86.ActiveCfg = Release|Any CPU
		{60789E78-38AB-43C0-AB55-C7204E99FC71}.Release|x86.Build.0 = Release|Any CPU
		{B706F21B-F954-466F-AB76-DA6A031F8CBA}.Debug|Any CPU.ActiveCfg = Debug|Any CPU
		{B706F21B-F954-466F-AB76-DA6A031F8CBA}.Debug|Any CPU.Build.0 = Debug|Any CPU
		{B706F21B-F954-466F-AB76-DA6A031F8CBA}.Debug|Any CPU.Deploy.0 = Debug|Any CPU
		{B706F21B-F954-466F-AB76-DA6A031F8CBA}.Debug|ARM.ActiveCfg = Debug|ARM
		{B706F21B-F954-466F-AB76-DA6A031F8CBA}.Debug|ARM.Build.0 = Debug|ARM
		{B706F21B-F954-466F-AB76-DA6A031F8CBA}.Debug|ARM.Deploy.0 = Debug|ARM
		{B706F21B-F954-466F-AB76-DA6A031F8CBA}.Debug|ARM64.ActiveCfg = Debug|ARM64
		{B706F21B-F954-466F-AB76-DA6A031F8CBA}.Debug|ARM64.Build.0 = Debug|ARM64
		{B706F21B-F954-466F-AB76-DA6A031F8CBA}.Debug|ARM64.Deploy.0 = Debug|ARM64
		{B706F21B-F954-466F-AB76-DA6A031F8CBA}.Debug|x64.ActiveCfg = Debug|x64
		{B706F21B-F954-466F-AB76-DA6A031F8CBA}.Debug|x64.Build.0 = Debug|x64
		{B706F21B-F954-466F-AB76-DA6A031F8CBA}.Debug|x64.Deploy.0 = Debug|x64
		{B706F21B-F954-466F-AB76-DA6A031F8CBA}.Debug|x86.ActiveCfg = Debug|x86
		{B706F21B-F954-466F-AB76-DA6A031F8CBA}.Debug|x86.Build.0 = Debug|x86
		{B706F21B-F954-466F-AB76-DA6A031F8CBA}.Debug|x86.Deploy.0 = Debug|x86
		{B706F21B-F954-466F-AB76-DA6A031F8CBA}.Release|Any CPU.ActiveCfg = Release|Any CPU
		{B706F21B-F954-466F-AB76-DA6A031F8CBA}.Release|Any CPU.Build.0 = Release|Any CPU
		{B706F21B-F954-466F-AB76-DA6A031F8CBA}.Release|Any CPU.Deploy.0 = Release|Any CPU
		{B706F21B-F954-466F-AB76-DA6A031F8CBA}.Release|ARM.ActiveCfg = Release|ARM
		{B706F21B-F954-466F-AB76-DA6A031F8CBA}.Release|ARM.Build.0 = Release|ARM
		{B706F21B-F954-466F-AB76-DA6A031F8CBA}.Release|ARM.Deploy.0 = Release|ARM
		{B706F21B-F954-466F-AB76-DA6A031F8CBA}.Release|ARM64.ActiveCfg = Release|ARM64
		{B706F21B-F954-466F-AB76-DA6A031F8CBA}.Release|ARM64.Build.0 = Release|ARM64
		{B706F21B-F954-466F-AB76-DA6A031F8CBA}.Release|ARM64.Deploy.0 = Release|ARM64
		{B706F21B-F954-466F-AB76-DA6A031F8CBA}.Release|x64.ActiveCfg = Release|x64
		{B706F21B-F954-466F-AB76-DA6A031F8CBA}.Release|x64.Build.0 = Release|x64
		{B706F21B-F954-466F-AB76-DA6A031F8CBA}.Release|x64.Deploy.0 = Release|x64
		{B706F21B-F954-466F-AB76-DA6A031F8CBA}.Release|x86.ActiveCfg = Release|x86
		{B706F21B-F954-466F-AB76-DA6A031F8CBA}.Release|x86.Build.0 = Release|x86
		{B706F21B-F954-466F-AB76-DA6A031F8CBA}.Release|x86.Deploy.0 = Release|x86
	EndGlobalSection
	GlobalSection(SolutionProperties) = preSolution
		HideSolutionNode = FALSE
	EndGlobalSection
	GlobalSection(ExtensibilityGlobals) = postSolution
		SolutionGuid = {EDFD6005-3D88-4441-A570-87459EC2DC8C}
	EndGlobalSection
EndGlobal
